
Microsoft Visual Studio Solution File, Format Version 12.00
# Visual Studio Version 17
VisualStudioVersion = 17.3.32825.248
MinimumVisualStudioVersion = 10.0.40219.1
Project("{9A19103F-16F7-4668-BE54-9A1E7A4F7556}") = "CRUD_Core_MVC", "CRUD_Core_MVC.csproj", "{81BDAAC3-39A7-4263-920F-D9B2452A8589}"
EndProject
Global
	GlobalSection(SolutionConfigurationPlatforms) = preSolution
		Debug|Any CPU = Debug|Any CPU
		Release|Any CPU = Release|Any CPU
	EndGlobalSection
	GlobalSection(ProjectConfigurationPlatforms) = postSolution
		{81BDAAC3-39A7-4263-920F-D9B2452A8589}.Debug|Any CPU.ActiveCfg = Release|Any CPU
		{81BDAAC3-39A7-4263-920F-D9B2452A8589}.Debug|Any CPU.Build.0 = Release|Any CPU
		{81BDAAC3-39A7-4263-920F-D9B2452A8589}.Release|Any CPU.ActiveCfg = Release|Any CPU
		{81BDAAC3-39A7-4263-920F-D9B2452A8589}.Release|Any CPU.Build.0 = Release|Any CPU
	EndGlobalSection
	GlobalSection(SolutionProperties) = preSolution
		HideSolutionNode = FALSE
	EndGlobalSection
	GlobalSection(ExtensibilityGlobals) = postSolution
		SolutionGuid = {20A68386-B2D6-46BC-99DC-997C06856B98}
	EndGlobalSection
EndGlobal
